PODS:
  - MathParser (1.5)
  - RxCocoa (5.1.1):
    - RxRelay (~> 5)
    - RxSwift (~> 5)
  - RxRelay (5.1.1):
    - RxSwift (~> 5)
  - RxSwift (5.1.1)

DEPENDENCIES:
  - MathParser
  - RxCocoa (~> 5)
  - RxSwift (~> 5)

SPEC REPOS:
  trunk:
    - MathParser
    - RxCocoa
    - RxRelay
    - RxSwift

SPEC CHECKSUMS:
  MathParser: 158c9c5eab871aed90077d29517d9d2993f7fa87
  RxCocoa: 32065309a38d29b5b0db858819b5bf9ef038b601
  RxRelay: d77f7d771495f43c556cbc43eebd1bb54d01e8e9
  RxSwift: 81470a2074fa8780320ea5fe4102807cb7118178

PODFILE CHECKSUM: ef60f2e5ef4d26c33d678f4ff23c91fdfdde76fd

COCOAPODS: 1.9.1
